
Microsoft Visual Studio Solution File, Format Version 12.00
# Visual Studio Version 17
VisualStudioVersion = 17.0.32014.148
MinimumVisualStudioVersion = 10.0.40219.1
Project("{9A19103F-16F7-4668-BE54-9A1E7A4F7556}") = "publicApi", "publicApi\publicApi.csproj", "{1D7815A0-CD5B-4ACC-82AE-148FBBB5F9B5}"
EndProject
Project("{9A19103F-16F7-4668-BE54-9A1E7A4F7556}") = "publicApi.Model", "publicApi.Model\publicApi.Model.csproj", "{965D6095-ADAC-4382-9B9E-F49644154451}"
EndProject
Global
	GlobalSection(SolutionConfigurationPlatforms) = preSolution
		Debug|Any CPU = Debug|Any CPU
		Release|Any CPU = Release|Any CPU
	EndGlobalSection
	GlobalSection(ProjectConfigurationPlatforms) = postSolution
		{1D7815A0-CD5B-4ACC-82AE-148FBBB5F9B5}.Debug|Any CPU.ActiveCfg = Debug|Any CPU
		{1D7815A0-CD5B-4ACC-82AE-148FBBB5F9B5}.Debug|Any CPU.Build.0 = Debug|Any CPU
		{1D7815A0-CD5B-4ACC-82AE-148FBBB5F9B5}.Release|Any CPU.ActiveCfg = Release|Any CPU
		{1D7815A0-CD5B-4ACC-82AE-148FBBB5F9B5}.Release|Any CPU.Build.0 = Release|Any CPU
		{965D6095-ADAC-4382-9B9E-F49644154451}.Debug|Any CPU.ActiveCfg = Debug|Any CPU
		{965D6095-ADAC-4382-9B9E-F49644154451}.Debug|Any CPU.Build.0 = Debug|Any CPU
		{965D6095-ADAC-4382-9B9E-F49644154451}.Release|Any CPU.ActiveCfg = Release|Any CPU
		{965D6095-ADAC-4382-9B9E-F49644154451}.Release|Any CPU.Build.0 = Release|Any CPU
	EndGlobalSection
	GlobalSection(SolutionProperties) = preSolution
		HideSolutionNode = FALSE
	EndGlobalSection
	GlobalSection(ExtensibilityGlobals) = postSolution
		SolutionGuid = {19E117F6-F26B-4003-B453-CFEB592CC51C}
	EndGlobalSection
EndGlobal
